
Microsoft Visual Studio Solution File, Format Version 12.00
# Visual Studio 15
VisualStudioVersion = 15.0.27004.2002
MinimumVisualStudioVersion = 10.0.40219.1
Project("{FAE04EC0-301F-11D3-BF4B-00C04F79EFBC}") = "DAL", "DAL\DAL.csproj", "{204555C4-7348-4C6D-B665-2364A82B9C6B}"
EndProject
Project("{FAE04EC0-301F-11D3-BF4B-00C04F79EFBC}") = "Entitiy", "Entitiy\Entitiy.csproj", "{D80F0442-6A36-4E55-90F8-FEE7245AC36D}"
EndProject
Project("{FAE04EC0-301F-11D3-BF4B-00C04F79EFBC}") = "WinFormAtlas", "WinFormAtlas\WinFormAtlas.csproj", "{D76265C9-22AC-49F8-AD0C-C9E2403A898E}"
EndProject
Global
	GlobalSection(SolutionConfigurationPlatforms) = preSolution
		Debug|Any CPU = Debug|Any CPU
		Release|Any CPU = Release|Any CPU
	EndGlobalSection
	GlobalSection(ProjectConfigurationPlatforms) = postSolution
		{204555C4-7348-4C6D-B665-2364A82B9C6B}.Debug|Any CPU.ActiveCfg = Debug|Any CPU
		{204555C4-7348-4C6D-B665-2364A82B9C6B}.Debug|Any CPU.Build.0 = Debug|Any CPU
		{204555C4-7348-4C6D-B665-2364A82B9C6B}.Release|Any CPU.ActiveCfg = Release|Any CPU
		{204555C4-7348-4C6D-B665-2364A82B9C6B}.Release|Any CPU.Build.0 = Release|Any CPU
		{D80F0442-6A36-4E55-90F8-FEE7245AC36D}.Debug|Any CPU.ActiveCfg = Debug|Any CPU
		{D80F0442-6A36-4E55-90F8-FEE7245AC36D}.Debug|Any CPU.Build.0 = Debug|Any CPU
		{D80F0442-6A36-4E55-90F8-FEE7245AC36D}.Release|Any CPU.ActiveCfg = Release|Any CPU
		{D80F0442-6A36-4E55-90F8-FEE7245AC36D}.Release|Any CPU.Build.0 = Release|Any CPU
		{D76265C9-22AC-49F8-AD0C-C9E2403A898E}.Debug|Any CPU.ActiveCfg = Debug|Any CPU
		{D76265C9-22AC-49F8-AD0C-C9E2403A898E}.Debug|Any CPU.Build.0 = Debug|Any CPU
		{D76265C9-22AC-49F8-AD0C-C9E2403A898E}.Release|Any CPU.ActiveCfg = Release|Any CPU
		{D76265C9-22AC-49F8-AD0C-C9E2403A898E}.Release|Any CPU.Build.0 = Release|Any CPU
	EndGlobalSection
	GlobalSection(SolutionProperties) = preSolution
		HideSolutionNode = FALSE
	EndGlobalSection
	GlobalSection(ExtensibilityGlobals) = postSolution
		SolutionGuid = {14346081-DE53-40BD-994D-9DD8B4AE8034}
	EndGlobalSection
EndGlobal
